
Microsoft Visual Studio Solution File, Format Version 12.00
# Visual Studio Version 17
VisualStudioVersion = 17.8.34511.84
MinimumVisualStudioVersion = 10.0.40219.1
Project("{FAE04EC0-301F-11D3-BF4B-00C04F79EFBC}") = "Grayscale", "Grayscale\Grayscale.csproj", "{5AA5552D-D801-4D0F-B465-B905A8891529}"
EndProject
Global
	GlobalSection(SolutionConfigurationPlatforms) = preSolution
		Debug|Any CPU = Debug|Any CPU
		Release|Any CPU = Release|Any CPU
	EndGlobalSection
	GlobalSection(ProjectConfigurationPlatforms) = postSolution
		{5AA5552D-D801-4D0F-B465-B905A8891529}.Debug|Any CPU.ActiveCfg = Debug|Any CPU
		{5AA5552D-D801-4D0F-B465-B905A8891529}.Debug|Any CPU.Build.0 = Debug|Any CPU
		{5AA5552D-D801-4D0F-B465-B905A8891529}.Release|Any CPU.ActiveCfg = Release|Any CPU
		{5AA5552D-D801-4D0F-B465-B905A8891529}.Release|Any CPU.Build.0 = Release|Any CPU
	EndGlobalSection
	GlobalSection(SolutionProperties) = preSolution
		HideSolutionNode = FALSE
	EndGlobalSection
	GlobalSection(ExtensibilityGlobals) = postSolution
		SolutionGuid = {C5E9DB65-392F-4756-91D9-3453EE70F950}
	EndGlobalSection
EndGlobal
